
Microsoft Visual Studio Solution File, Format Version 12.00
# Visual Studio Version 17
VisualStudioVersion = 17.9.34723.18
MinimumVisualStudioVersion = 10.0.40219.1
Project("{FAE04EC0-301F-11D3-BF4B-00C04F79EFBC}") = "RSA_GUI", "RSA_GUI.csproj", "{F1DF457A-6F6D-4510-ACD0-0176DE6882BA}"
EndProject
Global
	GlobalSection(SolutionConfigurationPlatforms) = preSolution
		Debug|Any CPU = Debug|Any CPU
		Debug|x64 = Debug|x64
		Release|Any CPU = Release|Any CPU
		Release|x64 = Release|x64
	EndGlobalSection
	GlobalSection(ProjectConfigurationPlatforms) = postSolution
		{F1DF457A-6F6D-4510-ACD0-0176DE6882BA}.Debug|Any CPU.ActiveCfg = Debug|Any CPU
		{F1DF457A-6F6D-4510-ACD0-0176DE6882BA}.Debug|Any CPU.Build.0 = Debug|Any CPU
		{F1DF457A-6F6D-4510-ACD0-0176DE6882BA}.Debug|x64.ActiveCfg = Debug|x64
		{F1DF457A-6F6D-4510-ACD0-0176DE6882BA}.Debug|x64.Build.0 = Debug|x64
		{F1DF457A-6F6D-4510-ACD0-0176DE6882BA}.Release|Any CPU.ActiveCfg = Release|Any CPU
		{F1DF457A-6F6D-4510-ACD0-0176DE6882BA}.Release|Any CPU.Build.0 = Release|Any CPU
		{F1DF457A-6F6D-4510-ACD0-0176DE6882BA}.Release|x64.ActiveCfg = Release|x64
		{F1DF457A-6F6D-4510-ACD0-0176DE6882BA}.Release|x64.Build.0 = Release|x64
	EndGlobalSection
	GlobalSection(SolutionProperties) = preSolution
		HideSolutionNode = FALSE
	EndGlobalSection
	GlobalSection(ExtensibilityGlobals) = postSolution
		SolutionGuid = {2D0C7176-7AD5-43EF-AF3A-794DD31BD4AA}
	EndGlobalSection
EndGlobal
