
Microsoft Visual Studio Solution File, Format Version 12.00
# Visual Studio Version 17
VisualStudioVersion = 17.9.34723.18
MinimumVisualStudioVersion = 10.0.40219.1
Project("{FAE04EC0-301F-11D3-BF4B-00C04F79EFBC}") = "DS", "DS\DS.csproj", "{C4AB248E-C9B6-4C8B-B841-2955BED8F363}"
EndProject
Global
	GlobalSection(SolutionConfigurationPlatforms) = preSolution
		Debug|Any CPU = Debug|Any CPU
		Debug|x64 = Debug|x64
		Release|Any CPU = Release|Any CPU
		Release|x64 = Release|x64
	EndGlobalSection
	GlobalSection(ProjectConfigurationPlatforms) = postSolution
		{C4AB248E-C9B6-4C8B-B841-2955BED8F363}.Debug|Any CPU.ActiveCfg = Debug|Any CPU
		{C4AB248E-C9B6-4C8B-B841-2955BED8F363}.Debug|Any CPU.Build.0 = Debug|Any CPU
		{C4AB248E-C9B6-4C8B-B841-2955BED8F363}.Debug|x64.ActiveCfg = Debug|x64
		{C4AB248E-C9B6-4C8B-B841-2955BED8F363}.Debug|x64.Build.0 = Debug|x64
		{C4AB248E-C9B6-4C8B-B841-2955BED8F363}.Release|Any CPU.ActiveCfg = Release|Any CPU
		{C4AB248E-C9B6-4C8B-B841-2955BED8F363}.Release|Any CPU.Build.0 = Release|Any CPU
		{C4AB248E-C9B6-4C8B-B841-2955BED8F363}.Release|x64.ActiveCfg = Release|x64
		{C4AB248E-C9B6-4C8B-B841-2955BED8F363}.Release|x64.Build.0 = Release|x64
	EndGlobalSection
	GlobalSection(SolutionProperties) = preSolution
		HideSolutionNode = FALSE
	EndGlobalSection
	GlobalSection(ExtensibilityGlobals) = postSolution
		SolutionGuid = {C276A03E-E5C0-4154-AB46-6BC650B58AD2}
	EndGlobalSection
EndGlobal
